
Microsoft Visual Studio Solution File, Format Version 12.00
# Visual Studio Version 17
VisualStudioVersion = 17.4.33205.214
MinimumVisualStudioVersion = 10.0.40219.1
Project("{2150E333-8FDC-42A3-9474-1A3956D46DE8}") = "Solution Items", "Solution Items", "{1E2F3468-95A1-4475-A386-6654AB90FB1E}"
	ProjectSection(SolutionItems) = preProject
		.editorconfig = .editorconfig
		Publish.txt = Publish.txt
		README.md = README.md
		stylecop.json = stylecop.json
	EndProjectSection
EndProject
Project("{9A19103F-16F7-4668-BE54-9A1E7A4F7556}") = "JSR.Utilities", "JSR.Utilities\JSR.Utilities.csproj", "{73FDD3AC-A74A-4904-8A28-3A32CF67C178}"
EndProject
Project("{9A19103F-16F7-4668-BE54-9A1E7A4F7556}") = "JSR.Serialization", "JSR.Serialization\JSR.Serialization.csproj", "{5E3C498D-4231-41D5-B447-E776A1DE559E}"
EndProject
Project("{9A19103F-16F7-4668-BE54-9A1E7A4F7556}") = "JSR.NumberGenerator", "JSR.NumberGenerator\JSR.NumberGenerator.csproj", "{C28D534B-9F7A-4DBA-A2B6-C1E1EF4EF404}"
EndProject
Project("{9A19103F-16F7-4668-BE54-9A1E7A4F7556}") = "JSR.Utilities.Tests", "JSR.Utilities.Tests\JSR.Utilities.Tests.csproj", "{9C17FB96-7862-412B-82F4-36C8F0385501}"
EndProject
Project("{9A19103F-16F7-4668-BE54-9A1E7A4F7556}") = "JSR.Asserts", "JSR.Asserts\JSR.Asserts.csproj", "{F579C992-0772-4C31-A8E6-2A464E99CC90}"
EndProject
Project("{9A19103F-16F7-4668-BE54-9A1E7A4F7556}") = "JSR.Converters", "JSR.Converters\JSR.Converters.csproj", "{245FF276-B52C-4C41-900C-9EA2CAD3F65B}"
EndProject
Project("{9A19103F-16F7-4668-BE54-9A1E7A4F7556}") = "JSR.BaseClasses", "JSR.BaseClasses\JSR.BaseClasses.csproj", "{1F91CB25-1AB4-4EF7-AA52-47E7AEC60EF8}"
EndProject
Project("{9A19103F-16F7-4668-BE54-9A1E7A4F7556}") = "JSR.BaseClasses.Tests", "JSR.BaseClasses.Tests\JSR.BaseClasses.Tests.csproj", "{9AFDE7E4-BE7B-4501-ACD2-E02492662B29}"
EndProject
Global
	GlobalSection(SolutionConfigurationPlatforms) = preSolution
		Debug|Any CPU = Debug|Any CPU
		Release|Any CPU = Release|Any CPU
	EndGlobalSection
	GlobalSection(ProjectConfigurationPlatforms) = postSolution
		{73FDD3AC-A74A-4904-8A28-3A32CF67C178}.Debug|Any CPU.ActiveCfg = Debug|Any CPU
		{73FDD3AC-A74A-4904-8A28-3A32CF67C178}.Debug|Any CPU.Build.0 = Debug|Any CPU
		{73FDD3AC-A74A-4904-8A28-3A32CF67C178}.Release|Any CPU.ActiveCfg = Release|Any CPU
		{73FDD3AC-A74A-4904-8A28-3A32CF67C178}.Release|Any CPU.Build.0 = Release|Any CPU
		{5E3C498D-4231-41D5-B447-E776A1DE559E}.Debug|Any CPU.ActiveCfg = Debug|Any CPU
		{5E3C498D-4231-41D5-B447-E776A1DE559E}.Debug|Any CPU.Build.0 = Debug|Any CPU
		{5E3C498D-4231-41D5-B447-E776A1DE559E}.Release|Any CPU.ActiveCfg = Release|Any CPU
		{5E3C498D-4231-41D5-B447-E776A1DE559E}.Release|Any CPU.Build.0 = Release|Any CPU
		{C28D534B-9F7A-4DBA-A2B6-C1E1EF4EF404}.Debug|Any CPU.ActiveCfg = Debug|Any CPU
		{C28D534B-9F7A-4DBA-A2B6-C1E1EF4EF404}.Debug|Any CPU.Build.0 = Debug|Any CPU
		{C28D534B-9F7A-4DBA-A2B6-C1E1EF4EF404}.Release|Any CPU.ActiveCfg = Release|Any CPU
		{C28D534B-9F7A-4DBA-A2B6-C1E1EF4EF404}.Release|Any CPU.Build.0 = Release|Any CPU
		{9C17FB96-7862-412B-82F4-36C8F0385501}.Debug|Any CPU.ActiveCfg = Debug|Any CPU
		{9C17FB96-7862-412B-82F4-36C8F0385501}.Debug|Any CPU.Build.0 = Debug|Any CPU
		{9C17FB96-7862-412B-82F4-36C8F0385501}.Release|Any CPU.ActiveCfg = Release|Any CPU
		{9C17FB96-7862-412B-82F4-36C8F0385501}.Release|Any CPU.Build.0 = Release|Any CPU
		{F579C992-0772-4C31-A8E6-2A464E99CC90}.Debug|Any CPU.ActiveCfg = Debug|Any CPU
		{F579C992-0772-4C31-A8E6-2A464E99CC90}.Debug|Any CPU.Build.0 = Debug|Any CPU
		{F579C992-0772-4C31-A8E6-2A464E99CC90}.Release|Any CPU.ActiveCfg = Release|Any CPU
		{F579C992-0772-4C31-A8E6-2A464E99CC90}.Release|Any CPU.Build.0 = Release|Any CPU
		{245FF276-B52C-4C41-900C-9EA2CAD3F65B}.Debug|Any CPU.ActiveCfg = Debug|Any CPU
		{245FF276-B52C-4C41-900C-9EA2CAD3F65B}.Debug|Any CPU.Build.0 = Debug|Any CPU
		{245FF276-B52C-4C41-900C-9EA2CAD3F65B}.Release|Any CPU.ActiveCfg = Release|Any CPU
		{245FF276-B52C-4C41-900C-9EA2CAD3F65B}.Release|Any CPU.Build.0 = Release|Any CPU
		{1F91CB25-1AB4-4EF7-AA52-47E7AEC60EF8}.Debug|Any CPU.ActiveCfg = Debug|Any CPU
		{1F91CB25-1AB4-4EF7-AA52-47E7AEC60EF8}.Debug|Any CPU.Build.0 = Debug|Any CPU
		{1F91CB25-1AB4-4EF7-AA52-47E7AEC60EF8}.Release|Any CPU.ActiveCfg = Release|Any CPU
		{1F91CB25-1AB4-4EF7-AA52-47E7AEC60EF8}.Release|Any CPU.Build.0 = Release|Any CPU
		{9AFDE7E4-BE7B-4501-ACD2-E02492662B29}.Debug|Any CPU.ActiveCfg = Debug|Any CPU
		{9AFDE7E4-BE7B-4501-ACD2-E02492662B29}.Debug|Any CPU.Build.0 = Debug|Any CPU
		{9AFDE7E4-BE7B-4501-ACD2-E02492662B29}.Release|Any CPU.ActiveCfg = Release|Any CPU
		{9AFDE7E4-BE7B-4501-ACD2-E02492662B29}.Release|Any CPU.Build.0 = Release|Any CPU
	EndGlobalSection
	GlobalSection(SolutionProperties) = preSolution
		HideSolutionNode = FALSE
	EndGlobalSection
	GlobalSection(ExtensibilityGlobals) = postSolution
		SolutionGuid = {32175444-78D4-4EC2-ABF0-A5A12CB89CE9}
	EndGlobalSection
EndGlobal
